
Microsoft Visual Studio Solution File, Format Version 12.00
# Visual Studio Version 16
VisualStudioVersion = 16.0.31515.178
MinimumVisualStudioVersion = 10.0.40219.1
Project("{FAE04EC0-301F-11D3-BF4B-00C04F79EFBC}") = "Hello", "Hello\Hello.csproj", "{917201C5-F3A9-4FA4-BCA7-453028B85ABC}"
EndProject
Global
	GlobalSection(SolutionConfigurationPlatforms) = preSolution
		Debug|Any CPU = Debug|Any CPU
		Release|Any CPU = Release|Any CPU
	EndGlobalSection
	GlobalSection(ProjectConfigurationPlatforms) = postSolution
		{917201C5-F3A9-4FA4-BCA7-453028B85ABC}.Debug|Any CPU.ActiveCfg = Debug|Any CPU
		{917201C5-F3A9-4FA4-BCA7-453028B85ABC}.Debug|Any CPU.Build.0 = Debug|Any CPU
		{917201C5-F3A9-4FA4-BCA7-453028B85ABC}.Release|Any CPU.ActiveCfg = Release|Any CPU
		{917201C5-F3A9-4FA4-BCA7-453028B85ABC}.Release|Any CPU.Build.0 = Release|Any CPU
	EndGlobalSection
	GlobalSection(SolutionProperties) = preSolution
		HideSolutionNode = FALSE
	EndGlobalSection
	GlobalSection(ExtensibilityGlobals) = postSolution
		SolutionGuid = {65B4B6C8-7AA0-4878-BFCC-F9147D13083B}
	EndGlobalSection
EndGlobal
